
Microsoft Visual Studio Solution File, Format Version 12.00
# Visual Studio Version 17
VisualStudioVersion = 17.3.32804.467
MinimumVisualStudioVersion = 10.0.40219.1
Project("{FAE04EC0-301F-11D3-BF4B-00C04F79EFBC}") = "RunAsHelper", "RunAsHelper.csproj", "{50163A19-35A6-4268-AB08-3FA23B1E4E9B}"
EndProject
Global
	GlobalSection(SolutionConfigurationPlatforms) = preSolution
		Debug|Any CPU = Debug|Any CPU
		Release|Any CPU = Release|Any CPU
	EndGlobalSection
	GlobalSection(ProjectConfigurationPlatforms) = postSolution
		{50163A19-35A6-4268-AB08-3FA23B1E4E9B}.Debug|Any CPU.ActiveCfg = Debug|Any CPU
		{50163A19-35A6-4268-AB08-3FA23B1E4E9B}.Debug|Any CPU.Build.0 = Debug|Any CPU
		{50163A19-35A6-4268-AB08-3FA23B1E4E9B}.Release|Any CPU.ActiveCfg = Release|Any CPU
		{50163A19-35A6-4268-AB08-3FA23B1E4E9B}.Release|Any CPU.Build.0 = Release|Any CPU
	EndGlobalSection
	GlobalSection(SolutionProperties) = preSolution
		HideSolutionNode = FALSE
	EndGlobalSection
	GlobalSection(ExtensibilityGlobals) = postSolution
		SolutionGuid = {DCFF63AF-E851-4274-87FE-6DE7648A190F}
	EndGlobalSection
EndGlobal
